
Microsoft Visual Studio Solution File, Format Version 12.00
# Visual Studio Version 17
VisualStudioVersion = 17.7.34031.279
MinimumVisualStudioVersion = 10.0.40219.1
Project("{9A19103F-16F7-4668-BE54-9A1E7A4F7556}") = "Turmerik", "Turmerik\Turmerik.csproj", "{0F67229C-CE9B-47A2-93A2-A079E2DA6FA0}"
EndProject
Project("{2150E333-8FDC-42A3-9474-1A3956D46DE8}") = "Core", "Core", "{A5B8430F-B64C-4AE7-B315-72686C296100}"
EndProject
Project("{9A19103F-16F7-4668-BE54-9A1E7A4F7556}") = "Turmerik.Testing", "Turmerik.Testing\Turmerik.Testing.csproj", "{906AA601-FC15-4B0E-83E0-F76430828BC4}"
EndProject
Project("{9A19103F-16F7-4668-BE54-9A1E7A4F7556}") = "Turmerik.UnitTests", "Turmerik.UnitTests\Turmerik.UnitTests.csproj", "{A225C22B-C048-42E3-941E-42270962998C}"
EndProject
Project("{2150E333-8FDC-42A3-9474-1A3956D46DE8}") = "Apps", "Apps", "{FC13E95F-6405-4DF0-B40C-4D4D077A59AE}"
EndProject
Project("{2150E333-8FDC-42A3-9474-1A3956D46DE8}") = "Utility", "Utility", "{52B63410-2581-4146-9484-89D300FAE7B5}"
EndProject
Project("{9A19103F-16F7-4668-BE54-9A1E7A4F7556}") = "Turmerik.MkFsDirsPair.ConsoleApp", "Turmerik.MkFsDirsPair.ConsoleApp\Turmerik.MkFsDirsPair.ConsoleApp.csproj", "{ED144131-C48B-49AC-BAFC-D261B6C5405C}"
EndProject
Project("{9A19103F-16F7-4668-BE54-9A1E7A4F7556}") = "Turmerik.Yantra", "Turmerik.Yantra\Turmerik.Yantra.csproj", "{B5F5E10D-1FD3-4D47-B7ED-648DB1B8D292}"
EndProject
Project("{9A19103F-16F7-4668-BE54-9A1E7A4F7556}") = "Turmerik.NetCore", "Turmerik.NetCore\Turmerik.NetCore.csproj", "{B461E799-8714-4D9B-B989-2EFF061B5D24}"
EndProject
Project("{2150E333-8FDC-42A3-9474-1A3956D46DE8}") = "Notes", "Notes", "{ED70AF8C-C648-40AC-98D6-FF8879FA670E}"
EndProject
Project("{9A19103F-16F7-4668-BE54-9A1E7A4F7556}") = "Turmerik.AspNetCore", "Turmerik.AspNetCore\Turmerik.AspNetCore.csproj", "{D857D744-E06D-45F1-BCE4-6A7ECB2C9232}"
EndProject
Project("{9A19103F-16F7-4668-BE54-9A1E7A4F7556}") = "Turmerik.Notes.AspNetCore", "Turmerik.Notes.AspNetCore\Turmerik.Notes.AspNetCore.csproj", "{D798A65E-31F8-4247-A2B4-FB5549AF43FF}"
EndProject
Project("{9A19103F-16F7-4668-BE54-9A1E7A4F7556}") = "Turmerik.LocalFileNotes.AspNetCoreApp", "Turmerik.LocalFileNotes.AspNetCoreApp\Turmerik.LocalFileNotes.AspNetCoreApp.csproj", "{29A6AEB6-ECC7-4571-BCEA-4AD569D22526}"
EndProject
Project("{9A19103F-16F7-4668-BE54-9A1E7A4F7556}") = "Turmerik.Notes", "Turmerik.Notes\Turmerik.Notes.csproj", "{6254ABEE-90A0-4550-A891-02CB6CCCFF2F}"
EndProject
Project("{9A19103F-16F7-4668-BE54-9A1E7A4F7556}") = "Turmerik.Notes.UnitTests", "Turmerik.Notes.UnitTests\Turmerik.Notes.UnitTests.csproj", "{A4E47B68-CAEE-4AD2-892A-DC464AF46298}"
EndProject
Project("{9A19103F-16F7-4668-BE54-9A1E7A4F7556}") = "Turmerik.FsNotes.ConsoleApp", "Turmerik.FsNotes.ConsoleApp\Turmerik.FsNotes.ConsoleApp.csproj", "{57F60443-C86C-4E7F-A91E-E4C1F2AD033D}"
EndProject
Project("{9A19103F-16F7-4668-BE54-9A1E7A4F7556}") = "Turmerik.WinForms", "Turmerik.WinForms\Turmerik.WinForms.csproj", "{A66A6345-800C-4720-895B-4853D5DDA523}"
EndProject
Project("{2150E333-8FDC-42A3-9474-1A3956D46DE8}") = "TestApps", "TestApps", "{FCA0DE8B-04E5-46F5-9549-654541BC02DC}"
EndProject
Project("{9A19103F-16F7-4668-BE54-9A1E7A4F7556}") = "Turmerik.LocalFileNotes.WinFormsApp", "Turmerik.LocalFileNotes.WinFormsApp\Turmerik.LocalFileNotes.WinFormsApp.csproj", "{ED670482-38DF-402C-81F8-9A588C408A27}"
EndProject
Project("{9A19103F-16F7-4668-BE54-9A1E7A4F7556}") = "Turmerik.Logging", "Turmerik.Logging\Turmerik.Logging.csproj", "{1EA908C9-BC00-4BAB-8A41-2D2B899660CF}"
EndProject
Project("{2150E333-8FDC-42A3-9474-1A3956D46DE8}") = "UnitTests", "UnitTests", "{2020DE95-DD87-4F1F-8BBB-CCCCF6ABB095}"
EndProject
Project("{FAE04EC0-301F-11D3-BF4B-00C04F79EFBC}") = "Turmerik.Logging.UnitTests", "Turmerik.Logging.UnitTests\Turmerik.Logging.UnitTests.csproj", "{BFEF0FBE-A515-471D-AA94-E0CDF5809728}"
EndProject
Global
	GlobalSection(SolutionConfigurationPlatforms) = preSolution
		Debug|Any CPU = Debug|Any CPU
		Release|Any CPU = Release|Any CPU
	EndGlobalSection
	GlobalSection(ProjectConfigurationPlatforms) = postSolution
		{0F67229C-CE9B-47A2-93A2-A079E2DA6FA0}.Debug|Any CPU.ActiveCfg = Debug|Any CPU
		{0F67229C-CE9B-47A2-93A2-A079E2DA6FA0}.Debug|Any CPU.Build.0 = Debug|Any CPU
		{0F67229C-CE9B-47A2-93A2-A079E2DA6FA0}.Release|Any CPU.ActiveCfg = Release|Any CPU
		{0F67229C-CE9B-47A2-93A2-A079E2DA6FA0}.Release|Any CPU.Build.0 = Release|Any CPU
		{906AA601-FC15-4B0E-83E0-F76430828BC4}.Debug|Any CPU.ActiveCfg = Debug|Any CPU
		{906AA601-FC15-4B0E-83E0-F76430828BC4}.Debug|Any CPU.Build.0 = Debug|Any CPU
		{906AA601-FC15-4B0E-83E0-F76430828BC4}.Release|Any CPU.ActiveCfg = Release|Any CPU
		{906AA601-FC15-4B0E-83E0-F76430828BC4}.Release|Any CPU.Build.0 = Release|Any CPU
		{A225C22B-C048-42E3-941E-42270962998C}.Debug|Any CPU.ActiveCfg = Debug|Any CPU
		{A225C22B-C048-42E3-941E-42270962998C}.Debug|Any CPU.Build.0 = Debug|Any CPU
		{A225C22B-C048-42E3-941E-42270962998C}.Release|Any CPU.ActiveCfg = Release|Any CPU
		{A225C22B-C048-42E3-941E-42270962998C}.Release|Any CPU.Build.0 = Release|Any CPU
		{ED144131-C48B-49AC-BAFC-D261B6C5405C}.Debug|Any CPU.ActiveCfg = Debug|Any CPU
		{ED144131-C48B-49AC-BAFC-D261B6C5405C}.Debug|Any CPU.Build.0 = Debug|Any CPU
		{ED144131-C48B-49AC-BAFC-D261B6C5405C}.Release|Any CPU.ActiveCfg = Release|Any CPU
		{ED144131-C48B-49AC-BAFC-D261B6C5405C}.Release|Any CPU.Build.0 = Release|Any CPU
		{B5F5E10D-1FD3-4D47-B7ED-648DB1B8D292}.Debug|Any CPU.ActiveCfg = Debug|Any CPU
		{B5F5E10D-1FD3-4D47-B7ED-648DB1B8D292}.Debug|Any CPU.Build.0 = Debug|Any CPU
		{B5F5E10D-1FD3-4D47-B7ED-648DB1B8D292}.Release|Any CPU.ActiveCfg = Release|Any CPU
		{B5F5E10D-1FD3-4D47-B7ED-648DB1B8D292}.Release|Any CPU.Build.0 = Release|Any CPU
		{B461E799-8714-4D9B-B989-2EFF061B5D24}.Debug|Any CPU.ActiveCfg = Debug|Any CPU
		{B461E799-8714-4D9B-B989-2EFF061B5D24}.Debug|Any CPU.Build.0 = Debug|Any CPU
		{B461E799-8714-4D9B-B989-2EFF061B5D24}.Release|Any CPU.ActiveCfg = Release|Any CPU
		{B461E799-8714-4D9B-B989-2EFF061B5D24}.Release|Any CPU.Build.0 = Release|Any CPU
		{D857D744-E06D-45F1-BCE4-6A7ECB2C9232}.Debug|Any CPU.ActiveCfg = Debug|Any CPU
		{D857D744-E06D-45F1-BCE4-6A7ECB2C9232}.Debug|Any CPU.Build.0 = Debug|Any CPU
		{D857D744-E06D-45F1-BCE4-6A7ECB2C9232}.Release|Any CPU.ActiveCfg = Release|Any CPU
		{D857D744-E06D-45F1-BCE4-6A7ECB2C9232}.Release|Any CPU.Build.0 = Release|Any CPU
		{D798A65E-31F8-4247-A2B4-FB5549AF43FF}.Debug|Any CPU.ActiveCfg = Debug|Any CPU
		{D798A65E-31F8-4247-A2B4-FB5549AF43FF}.Debug|Any CPU.Build.0 = Debug|Any CPU
		{D798A65E-31F8-4247-A2B4-FB5549AF43FF}.Release|Any CPU.ActiveCfg = Release|Any CPU
		{D798A65E-31F8-4247-A2B4-FB5549AF43FF}.Release|Any CPU.Build.0 = Release|Any CPU
		{29A6AEB6-ECC7-4571-BCEA-4AD569D22526}.Debug|Any CPU.ActiveCfg = Debug|Any CPU
		{29A6AEB6-ECC7-4571-BCEA-4AD569D22526}.Debug|Any CPU.Build.0 = Debug|Any CPU
		{29A6AEB6-ECC7-4571-BCEA-4AD569D22526}.Release|Any CPU.ActiveCfg = Release|Any CPU
		{29A6AEB6-ECC7-4571-BCEA-4AD569D22526}.Release|Any CPU.Build.0 = Release|Any CPU
		{6254ABEE-90A0-4550-A891-02CB6CCCFF2F}.Debug|Any CPU.ActiveCfg = Debug|Any CPU
		{6254ABEE-90A0-4550-A891-02CB6CCCFF2F}.Debug|Any CPU.Build.0 = Debug|Any CPU
		{6254ABEE-90A0-4550-A891-02CB6CCCFF2F}.Release|Any CPU.ActiveCfg = Release|Any CPU
		{6254ABEE-90A0-4550-A891-02CB6CCCFF2F}.Release|Any CPU.Build.0 = Release|Any CPU
		{A4E47B68-CAEE-4AD2-892A-DC464AF46298}.Debug|Any CPU.ActiveCfg = Debug|Any CPU
		{A4E47B68-CAEE-4AD2-892A-DC464AF46298}.Debug|Any CPU.Build.0 = Debug|Any CPU
		{A4E47B68-CAEE-4AD2-892A-DC464AF46298}.Release|Any CPU.ActiveCfg = Release|Any CPU
		{A4E47B68-CAEE-4AD2-892A-DC464AF46298}.Release|Any CPU.Build.0 = Release|Any CPU
		{57F60443-C86C-4E7F-A91E-E4C1F2AD033D}.Debug|Any CPU.ActiveCfg = Debug|Any CPU
		{57F60443-C86C-4E7F-A91E-E4C1F2AD033D}.Debug|Any CPU.Build.0 = Debug|Any CPU
		{57F60443-C86C-4E7F-A91E-E4C1F2AD033D}.Release|Any CPU.ActiveCfg = Release|Any CPU
		{57F60443-C86C-4E7F-A91E-E4C1F2AD033D}.Release|Any CPU.Build.0 = Release|Any CPU
		{A66A6345-800C-4720-895B-4853D5DDA523}.Debug|Any CPU.ActiveCfg = Debug|Any CPU
		{A66A6345-800C-4720-895B-4853D5DDA523}.Debug|Any CPU.Build.0 = Debug|Any CPU
		{A66A6345-800C-4720-895B-4853D5DDA523}.Release|Any CPU.ActiveCfg = Release|Any CPU
		{A66A6345-800C-4720-895B-4853D5DDA523}.Release|Any CPU.Build.0 = Release|Any CPU
		{ED670482-38DF-402C-81F8-9A588C408A27}.Debug|Any CPU.ActiveCfg = Debug|Any CPU
		{ED670482-38DF-402C-81F8-9A588C408A27}.Debug|Any CPU.Build.0 = Debug|Any CPU
		{ED670482-38DF-402C-81F8-9A588C408A27}.Release|Any CPU.ActiveCfg = Release|Any CPU
		{ED670482-38DF-402C-81F8-9A588C408A27}.Release|Any CPU.Build.0 = Release|Any CPU
		{1EA908C9-BC00-4BAB-8A41-2D2B899660CF}.Debug|Any CPU.ActiveCfg = Debug|Any CPU
		{1EA908C9-BC00-4BAB-8A41-2D2B899660CF}.Debug|Any CPU.Build.0 = Debug|Any CPU
		{1EA908C9-BC00-4BAB-8A41-2D2B899660CF}.Release|Any CPU.ActiveCfg = Release|Any CPU
		{1EA908C9-BC00-4BAB-8A41-2D2B899660CF}.Release|Any CPU.Build.0 = Release|Any CPU
		{BFEF0FBE-A515-471D-AA94-E0CDF5809728}.Debug|Any CPU.ActiveCfg = Debug|Any CPU
		{BFEF0FBE-A515-471D-AA94-E0CDF5809728}.Debug|Any CPU.Build.0 = Debug|Any CPU
		{BFEF0FBE-A515-471D-AA94-E0CDF5809728}.Release|Any CPU.ActiveCfg = Release|Any CPU
		{BFEF0FBE-A515-471D-AA94-E0CDF5809728}.Release|Any CPU.Build.0 = Release|Any CPU
	EndGlobalSection
	GlobalSection(SolutionProperties) = preSolution
		HideSolutionNode = FALSE
	EndGlobalSection
	GlobalSection(NestedProjects) = preSolution
		{0F67229C-CE9B-47A2-93A2-A079E2DA6FA0} = {A5B8430F-B64C-4AE7-B315-72686C296100}
		{906AA601-FC15-4B0E-83E0-F76430828BC4} = {A5B8430F-B64C-4AE7-B315-72686C296100}
		{A225C22B-C048-42E3-941E-42270962998C} = {2020DE95-DD87-4F1F-8BBB-CCCCF6ABB095}
		{52B63410-2581-4146-9484-89D300FAE7B5} = {FC13E95F-6405-4DF0-B40C-4D4D077A59AE}
		{ED144131-C48B-49AC-BAFC-D261B6C5405C} = {52B63410-2581-4146-9484-89D300FAE7B5}
		{B5F5E10D-1FD3-4D47-B7ED-648DB1B8D292} = {A5B8430F-B64C-4AE7-B315-72686C296100}
		{B461E799-8714-4D9B-B989-2EFF061B5D24} = {A5B8430F-B64C-4AE7-B315-72686C296100}
		{ED70AF8C-C648-40AC-98D6-FF8879FA670E} = {FC13E95F-6405-4DF0-B40C-4D4D077A59AE}
		{D857D744-E06D-45F1-BCE4-6A7ECB2C9232} = {A5B8430F-B64C-4AE7-B315-72686C296100}
		{D798A65E-31F8-4247-A2B4-FB5549AF43FF} = {ED70AF8C-C648-40AC-98D6-FF8879FA670E}
		{29A6AEB6-ECC7-4571-BCEA-4AD569D22526} = {ED70AF8C-C648-40AC-98D6-FF8879FA670E}
		{6254ABEE-90A0-4550-A891-02CB6CCCFF2F} = {A5B8430F-B64C-4AE7-B315-72686C296100}
		{A4E47B68-CAEE-4AD2-892A-DC464AF46298} = {2020DE95-DD87-4F1F-8BBB-CCCCF6ABB095}
		{57F60443-C86C-4E7F-A91E-E4C1F2AD033D} = {ED70AF8C-C648-40AC-98D6-FF8879FA670E}
		{A66A6345-800C-4720-895B-4853D5DDA523} = {A5B8430F-B64C-4AE7-B315-72686C296100}
		{ED670482-38DF-402C-81F8-9A588C408A27} = {ED70AF8C-C648-40AC-98D6-FF8879FA670E}
		{1EA908C9-BC00-4BAB-8A41-2D2B899660CF} = {A5B8430F-B64C-4AE7-B315-72686C296100}
		{BFEF0FBE-A515-471D-AA94-E0CDF5809728} = {2020DE95-DD87-4F1F-8BBB-CCCCF6ABB095}
	EndGlobalSection
	GlobalSection(ExtensibilityGlobals) = postSolution
		SolutionGuid = {37A6EE9C-CD4F-42D7-ACF7-2E49D78C5CCD}
	EndGlobalSection
EndGlobal
