
Microsoft Visual Studio Solution File, Format Version 12.00
# Visual Studio Version 17
VisualStudioVersion = 17.7.34031.279
MinimumVisualStudioVersion = 10.0.40219.1
Project("{9A19103F-16F7-4668-BE54-9A1E7A4F7556}") = "Turmerik", "Turmerik\Turmerik.csproj", "{0F67229C-CE9B-47A2-93A2-A079E2DA6FA0}"
EndProject
Project("{2150E333-8FDC-42A3-9474-1A3956D46DE8}") = "Core", "Core", "{A5B8430F-B64C-4AE7-B315-72686C296100}"
EndProject
Project("{9A19103F-16F7-4668-BE54-9A1E7A4F7556}") = "Turmerik.Testing", "Turmerik.Testing\Turmerik.Testing.csproj", "{906AA601-FC15-4B0E-83E0-F76430828BC4}"
EndProject
Project("{9A19103F-16F7-4668-BE54-9A1E7A4F7556}") = "Turmerik.UnitTests", "Turmerik.UnitTests\Turmerik.UnitTests.csproj", "{A225C22B-C048-42E3-941E-42270962998C}"
EndProject
Project("{2150E333-8FDC-42A3-9474-1A3956D46DE8}") = "Apps", "Apps", "{FC13E95F-6405-4DF0-B40C-4D4D077A59AE}"
EndProject
Project("{2150E333-8FDC-42A3-9474-1A3956D46DE8}") = "MkFsDirsPair", "MkFsDirsPair", "{52B63410-2581-4146-9484-89D300FAE7B5}"
EndProject
Project("{9A19103F-16F7-4668-BE54-9A1E7A4F7556}") = "Turmerik.MkFsDirsPair.ConsoleApp", "Turmerik.MkFsDirsPair.ConsoleApp\Turmerik.MkFsDirsPair.ConsoleApp.csproj", "{ED144131-C48B-49AC-BAFC-D261B6C5405C}"
EndProject
Project("{9A19103F-16F7-4668-BE54-9A1E7A4F7556}") = "Turmerik.NetCore", "Turmerik.NetCore\Turmerik.NetCore.csproj", "{B461E799-8714-4D9B-B989-2EFF061B5D24}"
EndProject
Project("{9A19103F-16F7-4668-BE54-9A1E7A4F7556}") = "Turmerik.Notes", "Turmerik.Notes\Turmerik.Notes.csproj", "{6254ABEE-90A0-4550-A891-02CB6CCCFF2F}"
EndProject
Project("{9A19103F-16F7-4668-BE54-9A1E7A4F7556}") = "Turmerik.Notes.UnitTests", "Turmerik.Notes.UnitTests\Turmerik.Notes.UnitTests.csproj", "{A4E47B68-CAEE-4AD2-892A-DC464AF46298}"
EndProject
Project("{9A19103F-16F7-4668-BE54-9A1E7A4F7556}") = "Turmerik.WinForms", "Turmerik.WinForms\Turmerik.WinForms.csproj", "{A66A6345-800C-4720-895B-4853D5DDA523}"
EndProject
Project("{2150E333-8FDC-42A3-9474-1A3956D46DE8}") = "TestApps", "TestApps", "{FCA0DE8B-04E5-46F5-9549-654541BC02DC}"
EndProject
Project("{9A19103F-16F7-4668-BE54-9A1E7A4F7556}") = "Turmerik.Logging", "Turmerik.Logging\Turmerik.Logging.csproj", "{1EA908C9-BC00-4BAB-8A41-2D2B899660CF}"
EndProject
Project("{2150E333-8FDC-42A3-9474-1A3956D46DE8}") = "UnitTests", "UnitTests", "{2020DE95-DD87-4F1F-8BBB-CCCCF6ABB095}"
EndProject
Project("{9A19103F-16F7-4668-BE54-9A1E7A4F7556}") = "Turmerik.Logging.UnitTests", "Turmerik.Logging.UnitTests\Turmerik.Logging.UnitTests.csproj", "{BFEF0FBE-A515-471D-AA94-E0CDF5809728}"
EndProject
Project("{9A19103F-16F7-4668-BE54-9A1E7A4F7556}") = "Turmerik.Sqlite", "Turmerik.Sqlite\Turmerik.Sqlite.csproj", "{95F5CF63-3ECB-45DE-88E6-D74C1E4E19A0}"
EndProject
Project("{9A19103F-16F7-4668-BE54-9A1E7A4F7556}") = "Turmerik.RfDirsPairNames.ConsoleApp", "Turmerik.RfDirsPairNames.ConsoleApp\Turmerik.RfDirsPairNames.ConsoleApp.csproj", "{D6BED816-A198-4768-9D9F-38A3AF9A783F}"
EndProject
Project("{9A19103F-16F7-4668-BE54-9A1E7A4F7556}") = "Turmerik.LsFsDirPairs.ConsoleApp", "Turmerik.LsFsDirPairs.ConsoleApp\Turmerik.LsFsDirPairs.ConsoleApp.csproj", "{94F89D50-8708-4209-9600-DB766CF8CC2A}"
EndProject
Project("{9A19103F-16F7-4668-BE54-9A1E7A4F7556}") = "Turmerik.Core", "Turmerik.Core\Turmerik.Core.csproj", "{B3AA58CE-783A-4988-9579-21A464BCA6CF}"
EndProject
Project("{2150E333-8FDC-42A3-9474-1A3956D46DE8}") = "Utility", "Utility", "{DE596E3B-C512-4C68-A18F-1968EC893DF6}"
EndProject
Project("{9A19103F-16F7-4668-BE54-9A1E7A4F7556}") = "Turmerik.Utility.WinFormsApp", "Turmerik.Utility.WinFormsApp\Turmerik.Utility.WinFormsApp.csproj", "{34840327-AFDC-4465-88BE-DE8BE254D4BF}"
EndProject
Project("{2150E333-8FDC-42A3-9474-1A3956D46DE8}") = "_one-time-job-apps", "_one-time-job-apps", "{D9246AE3-53C4-4F02-B24F-6E02B5557AA9}"
EndProject
Project("{9A19103F-16F7-4668-BE54-9A1E7A4F7556}") = "Turmerik.ScrapeMatIconPage.ConsoleApp", "Turmerik.ScrapeMatIconPage.ConsoleApp\Turmerik.ScrapeMatIconPage.ConsoleApp.csproj", "{76A3DA76-F85F-425A-A170-4FEA139AB413}"
EndProject
Project("{9A19103F-16F7-4668-BE54-9A1E7A4F7556}") = "Turmerik.TestWinFormsApp", "Turmerik.TestWinFormsApp\Turmerik.TestWinFormsApp.csproj", "{9A66E4DA-1F9E-48FB-96AB-54783FE0E9BA}"
EndProject
Project("{9A19103F-16F7-4668-BE54-9A1E7A4F7556}") = "Turmerik.UpdFsDirPairsIdxes.ConsoleApp", "Turmerik.UpdFsDirPairsIdxes.ConsoleApp\Turmerik.UpdFsDirPairsIdxes.ConsoleApp.csproj", "{9AF90827-6F03-4206-B7EA-8B77C7983C41}"
EndProject
Project("{9A19103F-16F7-4668-BE54-9A1E7A4F7556}") = "Turmerik.TestConsoleApp", "Turmerik.TestConsoleApp\Turmerik.TestConsoleApp.csproj", "{8D4A4408-5008-4901-AF1E-87AA5D3F67A2}"
EndProject
Project("{9A19103F-16F7-4668-BE54-9A1E7A4F7556}") = "Turmerik.Code.CSharp", "Turmerik.Code.CSharp\Turmerik.Code.CSharp.csproj", "{8E24E6AD-DF16-4176-B0DB-8A1EBE55AC9D}"
EndProject
Project("{9A19103F-16F7-4668-BE54-9A1E7A4F7556}") = "Turmerik.LaunchProces.TestConsoleApp", "Turmerik.LaunchProces.TestConsoleApp\Turmerik.LaunchProces.TestConsoleApp.csproj", "{FE96FFE8-F379-4FE0-BF6C-BB040021E1AA}"
EndProject
Project("{9A19103F-16F7-4668-BE54-9A1E7A4F7556}") = "Turmerik.Jint", "Turmerik.Jint\Turmerik.Jint.csproj", "{62862ADE-ABAF-45C9-8BD6-5B8811C7F4C5}"
EndProject
Project("{9A19103F-16F7-4668-BE54-9A1E7A4F7556}") = "Turmerik.LocalFilesCloner.ConsoleApp", "Turmerik.LocalFilesCloner.ConsoleApp\Turmerik.LocalFilesCloner.ConsoleApp.csproj", "{A133C317-4727-4D2A-A4E4-47FF7D745A8E}"
EndProject
Project("{9A19103F-16F7-4668-BE54-9A1E7A4F7556}") = "Turmerik.MkScripts.ConsoleApp", "Turmerik.MkScripts.ConsoleApp\Turmerik.MkScripts.ConsoleApp.csproj", "{2EFB0435-0759-47BE-8BEE-4B1FE22661C1}"
EndProject
Project("{9A19103F-16F7-4668-BE54-9A1E7A4F7556}") = "Turmerik.SyncLocalFiles.ConsoleApp", "Turmerik.SyncLocalFiles.ConsoleApp\Turmerik.SyncLocalFiles.ConsoleApp.csproj", "{B45B9B65-C1A0-442F-8F8B-03E54C32718D}"
EndProject
Project("{9A19103F-16F7-4668-BE54-9A1E7A4F7556}") = "Turmerik.MdToPdf.ConsoleApp", "Turmerik.MdToPdf.ConsoleApp\Turmerik.MdToPdf.ConsoleApp.csproj", "{B26EFF9E-031F-41C2-8183-FAF9975E05AA}"
EndProject
Project("{9A19103F-16F7-4668-BE54-9A1E7A4F7556}") = "Turmerik.Puppeteer", "Turmerik.Puppeteer\Turmerik.Puppeteer.csproj", "{BF7B1891-E547-4943-9AD7-E6502E15ACA4}"
EndProject
Project("{2150E333-8FDC-42A3-9474-1A3956D46DE8}") = "LocalFileNotes", "LocalFileNotes", "{0C1E39CA-0DD7-4275-B038-92AE53485381}"
EndProject
Project("{9A19103F-16F7-4668-BE54-9A1E7A4F7556}") = "Turmerik.LocalFilesExplorer.WebApi", "Turmerik.LocalFilesExplorer.WebApi\Turmerik.LocalFilesExplorer.WebApi.csproj", "{3E8DBC47-E585-46AA-8879-76B02D4180A2}"
EndProject
Project("{9A19103F-16F7-4668-BE54-9A1E7A4F7556}") = "Turmerik.MkFiles.ConsoleApp", "Turmerik.MkFiles.ConsoleApp\Turmerik.MkFiles.ConsoleApp.csproj", "{60D2D3FB-9BD3-4CD3-85FE-A030F92EF282}"
EndProject
Project("{FAE04EC0-301F-11D3-BF4B-00C04F79EFBC}") = "Turmerik.DotNetTypesToTypescript.ConsoleApp", "Turmerik.DotNetTypesToTypescript.ConsoleApp\Turmerik.DotNetTypesToTypescript.ConsoleApp.csproj", "{4E81A883-8F78-45E2-9DC8-D4F9968C831C}"
EndProject
Global
	GlobalSection(SolutionConfigurationPlatforms) = preSolution
		Debug|Any CPU = Debug|Any CPU
		Release|Any CPU = Release|Any CPU
	EndGlobalSection
	GlobalSection(ProjectConfigurationPlatforms) = postSolution
		{0F67229C-CE9B-47A2-93A2-A079E2DA6FA0}.Debug|Any CPU.ActiveCfg = Debug|Any CPU
		{0F67229C-CE9B-47A2-93A2-A079E2DA6FA0}.Debug|Any CPU.Build.0 = Debug|Any CPU
		{0F67229C-CE9B-47A2-93A2-A079E2DA6FA0}.Release|Any CPU.ActiveCfg = Release|Any CPU
		{0F67229C-CE9B-47A2-93A2-A079E2DA6FA0}.Release|Any CPU.Build.0 = Release|Any CPU
		{906AA601-FC15-4B0E-83E0-F76430828BC4}.Debug|Any CPU.ActiveCfg = Debug|Any CPU
		{906AA601-FC15-4B0E-83E0-F76430828BC4}.Debug|Any CPU.Build.0 = Debug|Any CPU
		{906AA601-FC15-4B0E-83E0-F76430828BC4}.Release|Any CPU.ActiveCfg = Release|Any CPU
		{906AA601-FC15-4B0E-83E0-F76430828BC4}.Release|Any CPU.Build.0 = Release|Any CPU
		{A225C22B-C048-42E3-941E-42270962998C}.Debug|Any CPU.ActiveCfg = Debug|Any CPU
		{A225C22B-C048-42E3-941E-42270962998C}.Debug|Any CPU.Build.0 = Debug|Any CPU
		{A225C22B-C048-42E3-941E-42270962998C}.Release|Any CPU.ActiveCfg = Release|Any CPU
		{A225C22B-C048-42E3-941E-42270962998C}.Release|Any CPU.Build.0 = Release|Any CPU
		{ED144131-C48B-49AC-BAFC-D261B6C5405C}.Debug|Any CPU.ActiveCfg = Debug|Any CPU
		{ED144131-C48B-49AC-BAFC-D261B6C5405C}.Debug|Any CPU.Build.0 = Debug|Any CPU
		{ED144131-C48B-49AC-BAFC-D261B6C5405C}.Release|Any CPU.ActiveCfg = Release|Any CPU
		{ED144131-C48B-49AC-BAFC-D261B6C5405C}.Release|Any CPU.Build.0 = Release|Any CPU
		{B461E799-8714-4D9B-B989-2EFF061B5D24}.Debug|Any CPU.ActiveCfg = Debug|Any CPU
		{B461E799-8714-4D9B-B989-2EFF061B5D24}.Debug|Any CPU.Build.0 = Debug|Any CPU
		{B461E799-8714-4D9B-B989-2EFF061B5D24}.Release|Any CPU.ActiveCfg = Release|Any CPU
		{B461E799-8714-4D9B-B989-2EFF061B5D24}.Release|Any CPU.Build.0 = Release|Any CPU
		{6254ABEE-90A0-4550-A891-02CB6CCCFF2F}.Debug|Any CPU.ActiveCfg = Debug|Any CPU
		{6254ABEE-90A0-4550-A891-02CB6CCCFF2F}.Debug|Any CPU.Build.0 = Debug|Any CPU
		{6254ABEE-90A0-4550-A891-02CB6CCCFF2F}.Release|Any CPU.ActiveCfg = Release|Any CPU
		{6254ABEE-90A0-4550-A891-02CB6CCCFF2F}.Release|Any CPU.Build.0 = Release|Any CPU
		{A4E47B68-CAEE-4AD2-892A-DC464AF46298}.Debug|Any CPU.ActiveCfg = Debug|Any CPU
		{A4E47B68-CAEE-4AD2-892A-DC464AF46298}.Debug|Any CPU.Build.0 = Debug|Any CPU
		{A4E47B68-CAEE-4AD2-892A-DC464AF46298}.Release|Any CPU.ActiveCfg = Release|Any CPU
		{A4E47B68-CAEE-4AD2-892A-DC464AF46298}.Release|Any CPU.Build.0 = Release|Any CPU
		{A66A6345-800C-4720-895B-4853D5DDA523}.Debug|Any CPU.ActiveCfg = Debug|Any CPU
		{A66A6345-800C-4720-895B-4853D5DDA523}.Debug|Any CPU.Build.0 = Debug|Any CPU
		{A66A6345-800C-4720-895B-4853D5DDA523}.Release|Any CPU.ActiveCfg = Release|Any CPU
		{A66A6345-800C-4720-895B-4853D5DDA523}.Release|Any CPU.Build.0 = Release|Any CPU
		{1EA908C9-BC00-4BAB-8A41-2D2B899660CF}.Debug|Any CPU.ActiveCfg = Debug|Any CPU
		{1EA908C9-BC00-4BAB-8A41-2D2B899660CF}.Debug|Any CPU.Build.0 = Debug|Any CPU
		{1EA908C9-BC00-4BAB-8A41-2D2B899660CF}.Release|Any CPU.ActiveCfg = Release|Any CPU
		{1EA908C9-BC00-4BAB-8A41-2D2B899660CF}.Release|Any CPU.Build.0 = Release|Any CPU
		{BFEF0FBE-A515-471D-AA94-E0CDF5809728}.Debug|Any CPU.ActiveCfg = Debug|Any CPU
		{BFEF0FBE-A515-471D-AA94-E0CDF5809728}.Debug|Any CPU.Build.0 = Debug|Any CPU
		{BFEF0FBE-A515-471D-AA94-E0CDF5809728}.Release|Any CPU.ActiveCfg = Release|Any CPU
		{BFEF0FBE-A515-471D-AA94-E0CDF5809728}.Release|Any CPU.Build.0 = Release|Any CPU
		{95F5CF63-3ECB-45DE-88E6-D74C1E4E19A0}.Debug|Any CPU.ActiveCfg = Debug|Any CPU
		{95F5CF63-3ECB-45DE-88E6-D74C1E4E19A0}.Debug|Any CPU.Build.0 = Debug|Any CPU
		{95F5CF63-3ECB-45DE-88E6-D74C1E4E19A0}.Release|Any CPU.ActiveCfg = Release|Any CPU
		{95F5CF63-3ECB-45DE-88E6-D74C1E4E19A0}.Release|Any CPU.Build.0 = Release|Any CPU
		{D6BED816-A198-4768-9D9F-38A3AF9A783F}.Debug|Any CPU.ActiveCfg = Debug|Any CPU
		{D6BED816-A198-4768-9D9F-38A3AF9A783F}.Debug|Any CPU.Build.0 = Debug|Any CPU
		{D6BED816-A198-4768-9D9F-38A3AF9A783F}.Release|Any CPU.ActiveCfg = Release|Any CPU
		{D6BED816-A198-4768-9D9F-38A3AF9A783F}.Release|Any CPU.Build.0 = Release|Any CPU
		{94F89D50-8708-4209-9600-DB766CF8CC2A}.Debug|Any CPU.ActiveCfg = Debug|Any CPU
		{94F89D50-8708-4209-9600-DB766CF8CC2A}.Debug|Any CPU.Build.0 = Debug|Any CPU
		{94F89D50-8708-4209-9600-DB766CF8CC2A}.Release|Any CPU.ActiveCfg = Release|Any CPU
		{94F89D50-8708-4209-9600-DB766CF8CC2A}.Release|Any CPU.Build.0 = Release|Any CPU
		{B3AA58CE-783A-4988-9579-21A464BCA6CF}.Debug|Any CPU.ActiveCfg = Debug|Any CPU
		{B3AA58CE-783A-4988-9579-21A464BCA6CF}.Debug|Any CPU.Build.0 = Debug|Any CPU
		{B3AA58CE-783A-4988-9579-21A464BCA6CF}.Release|Any CPU.ActiveCfg = Release|Any CPU
		{B3AA58CE-783A-4988-9579-21A464BCA6CF}.Release|Any CPU.Build.0 = Release|Any CPU
		{34840327-AFDC-4465-88BE-DE8BE254D4BF}.Debug|Any CPU.ActiveCfg = Debug|Any CPU
		{34840327-AFDC-4465-88BE-DE8BE254D4BF}.Debug|Any CPU.Build.0 = Debug|Any CPU
		{34840327-AFDC-4465-88BE-DE8BE254D4BF}.Release|Any CPU.ActiveCfg = Release|Any CPU
		{34840327-AFDC-4465-88BE-DE8BE254D4BF}.Release|Any CPU.Build.0 = Release|Any CPU
		{76A3DA76-F85F-425A-A170-4FEA139AB413}.Debug|Any CPU.ActiveCfg = Debug|Any CPU
		{76A3DA76-F85F-425A-A170-4FEA139AB413}.Debug|Any CPU.Build.0 = Debug|Any CPU
		{76A3DA76-F85F-425A-A170-4FEA139AB413}.Release|Any CPU.ActiveCfg = Release|Any CPU
		{76A3DA76-F85F-425A-A170-4FEA139AB413}.Release|Any CPU.Build.0 = Release|Any CPU
		{9A66E4DA-1F9E-48FB-96AB-54783FE0E9BA}.Debug|Any CPU.ActiveCfg = Debug|Any CPU
		{9A66E4DA-1F9E-48FB-96AB-54783FE0E9BA}.Debug|Any CPU.Build.0 = Debug|Any CPU
		{9A66E4DA-1F9E-48FB-96AB-54783FE0E9BA}.Release|Any CPU.ActiveCfg = Release|Any CPU
		{9A66E4DA-1F9E-48FB-96AB-54783FE0E9BA}.Release|Any CPU.Build.0 = Release|Any CPU
		{9AF90827-6F03-4206-B7EA-8B77C7983C41}.Debug|Any CPU.ActiveCfg = Debug|Any CPU
		{9AF90827-6F03-4206-B7EA-8B77C7983C41}.Debug|Any CPU.Build.0 = Debug|Any CPU
		{9AF90827-6F03-4206-B7EA-8B77C7983C41}.Release|Any CPU.ActiveCfg = Release|Any CPU
		{9AF90827-6F03-4206-B7EA-8B77C7983C41}.Release|Any CPU.Build.0 = Release|Any CPU
		{8D4A4408-5008-4901-AF1E-87AA5D3F67A2}.Debug|Any CPU.ActiveCfg = Debug|Any CPU
		{8D4A4408-5008-4901-AF1E-87AA5D3F67A2}.Debug|Any CPU.Build.0 = Debug|Any CPU
		{8D4A4408-5008-4901-AF1E-87AA5D3F67A2}.Release|Any CPU.ActiveCfg = Release|Any CPU
		{8D4A4408-5008-4901-AF1E-87AA5D3F67A2}.Release|Any CPU.Build.0 = Release|Any CPU
		{8E24E6AD-DF16-4176-B0DB-8A1EBE55AC9D}.Debug|Any CPU.ActiveCfg = Debug|Any CPU
		{8E24E6AD-DF16-4176-B0DB-8A1EBE55AC9D}.Debug|Any CPU.Build.0 = Debug|Any CPU
		{8E24E6AD-DF16-4176-B0DB-8A1EBE55AC9D}.Release|Any CPU.ActiveCfg = Release|Any CPU
		{8E24E6AD-DF16-4176-B0DB-8A1EBE55AC9D}.Release|Any CPU.Build.0 = Release|Any CPU
		{FE96FFE8-F379-4FE0-BF6C-BB040021E1AA}.Debug|Any CPU.ActiveCfg = Debug|Any CPU
		{FE96FFE8-F379-4FE0-BF6C-BB040021E1AA}.Debug|Any CPU.Build.0 = Debug|Any CPU
		{FE96FFE8-F379-4FE0-BF6C-BB040021E1AA}.Release|Any CPU.ActiveCfg = Release|Any CPU
		{FE96FFE8-F379-4FE0-BF6C-BB040021E1AA}.Release|Any CPU.Build.0 = Release|Any CPU
		{62862ADE-ABAF-45C9-8BD6-5B8811C7F4C5}.Debug|Any CPU.ActiveCfg = Debug|Any CPU
		{62862ADE-ABAF-45C9-8BD6-5B8811C7F4C5}.Debug|Any CPU.Build.0 = Debug|Any CPU
		{62862ADE-ABAF-45C9-8BD6-5B8811C7F4C5}.Release|Any CPU.ActiveCfg = Release|Any CPU
		{62862ADE-ABAF-45C9-8BD6-5B8811C7F4C5}.Release|Any CPU.Build.0 = Release|Any CPU
		{A133C317-4727-4D2A-A4E4-47FF7D745A8E}.Debug|Any CPU.ActiveCfg = Debug|Any CPU
		{A133C317-4727-4D2A-A4E4-47FF7D745A8E}.Debug|Any CPU.Build.0 = Debug|Any CPU
		{A133C317-4727-4D2A-A4E4-47FF7D745A8E}.Release|Any CPU.ActiveCfg = Release|Any CPU
		{A133C317-4727-4D2A-A4E4-47FF7D745A8E}.Release|Any CPU.Build.0 = Release|Any CPU
		{2EFB0435-0759-47BE-8BEE-4B1FE22661C1}.Debug|Any CPU.ActiveCfg = Debug|Any CPU
		{2EFB0435-0759-47BE-8BEE-4B1FE22661C1}.Debug|Any CPU.Build.0 = Debug|Any CPU
		{2EFB0435-0759-47BE-8BEE-4B1FE22661C1}.Release|Any CPU.ActiveCfg = Release|Any CPU
		{2EFB0435-0759-47BE-8BEE-4B1FE22661C1}.Release|Any CPU.Build.0 = Release|Any CPU
		{B45B9B65-C1A0-442F-8F8B-03E54C32718D}.Debug|Any CPU.ActiveCfg = Debug|Any CPU
		{B45B9B65-C1A0-442F-8F8B-03E54C32718D}.Debug|Any CPU.Build.0 = Debug|Any CPU
		{B45B9B65-C1A0-442F-8F8B-03E54C32718D}.Release|Any CPU.ActiveCfg = Release|Any CPU
		{B45B9B65-C1A0-442F-8F8B-03E54C32718D}.Release|Any CPU.Build.0 = Release|Any CPU
		{B26EFF9E-031F-41C2-8183-FAF9975E05AA}.Debug|Any CPU.ActiveCfg = Debug|Any CPU
		{B26EFF9E-031F-41C2-8183-FAF9975E05AA}.Debug|Any CPU.Build.0 = Debug|Any CPU
		{B26EFF9E-031F-41C2-8183-FAF9975E05AA}.Release|Any CPU.ActiveCfg = Release|Any CPU
		{B26EFF9E-031F-41C2-8183-FAF9975E05AA}.Release|Any CPU.Build.0 = Release|Any CPU
		{BF7B1891-E547-4943-9AD7-E6502E15ACA4}.Debug|Any CPU.ActiveCfg = Debug|Any CPU
		{BF7B1891-E547-4943-9AD7-E6502E15ACA4}.Debug|Any CPU.Build.0 = Debug|Any CPU
		{BF7B1891-E547-4943-9AD7-E6502E15ACA4}.Release|Any CPU.ActiveCfg = Release|Any CPU
		{BF7B1891-E547-4943-9AD7-E6502E15ACA4}.Release|Any CPU.Build.0 = Release|Any CPU
		{3E8DBC47-E585-46AA-8879-76B02D4180A2}.Debug|Any CPU.ActiveCfg = Debug|Any CPU
		{3E8DBC47-E585-46AA-8879-76B02D4180A2}.Debug|Any CPU.Build.0 = Debug|Any CPU
		{3E8DBC47-E585-46AA-8879-76B02D4180A2}.Release|Any CPU.ActiveCfg = Release|Any CPU
		{3E8DBC47-E585-46AA-8879-76B02D4180A2}.Release|Any CPU.Build.0 = Release|Any CPU
		{60D2D3FB-9BD3-4CD3-85FE-A030F92EF282}.Debug|Any CPU.ActiveCfg = Debug|Any CPU
		{60D2D3FB-9BD3-4CD3-85FE-A030F92EF282}.Debug|Any CPU.Build.0 = Debug|Any CPU
		{60D2D3FB-9BD3-4CD3-85FE-A030F92EF282}.Release|Any CPU.ActiveCfg = Release|Any CPU
		{60D2D3FB-9BD3-4CD3-85FE-A030F92EF282}.Release|Any CPU.Build.0 = Release|Any CPU
		{4E81A883-8F78-45E2-9DC8-D4F9968C831C}.Debug|Any CPU.ActiveCfg = Debug|Any CPU
		{4E81A883-8F78-45E2-9DC8-D4F9968C831C}.Debug|Any CPU.Build.0 = Debug|Any CPU
		{4E81A883-8F78-45E2-9DC8-D4F9968C831C}.Release|Any CPU.ActiveCfg = Release|Any CPU
		{4E81A883-8F78-45E2-9DC8-D4F9968C831C}.Release|Any CPU.Build.0 = Release|Any CPU
	EndGlobalSection
	GlobalSection(SolutionProperties) = preSolution
		HideSolutionNode = FALSE
	EndGlobalSection
	GlobalSection(NestedProjects) = preSolution
		{0F67229C-CE9B-47A2-93A2-A079E2DA6FA0} = {A5B8430F-B64C-4AE7-B315-72686C296100}
		{906AA601-FC15-4B0E-83E0-F76430828BC4} = {A5B8430F-B64C-4AE7-B315-72686C296100}
		{A225C22B-C048-42E3-941E-42270962998C} = {2020DE95-DD87-4F1F-8BBB-CCCCF6ABB095}
		{52B63410-2581-4146-9484-89D300FAE7B5} = {FC13E95F-6405-4DF0-B40C-4D4D077A59AE}
		{ED144131-C48B-49AC-BAFC-D261B6C5405C} = {52B63410-2581-4146-9484-89D300FAE7B5}
		{B461E799-8714-4D9B-B989-2EFF061B5D24} = {A5B8430F-B64C-4AE7-B315-72686C296100}
		{6254ABEE-90A0-4550-A891-02CB6CCCFF2F} = {A5B8430F-B64C-4AE7-B315-72686C296100}
		{A4E47B68-CAEE-4AD2-892A-DC464AF46298} = {2020DE95-DD87-4F1F-8BBB-CCCCF6ABB095}
		{A66A6345-800C-4720-895B-4853D5DDA523} = {A5B8430F-B64C-4AE7-B315-72686C296100}
		{1EA908C9-BC00-4BAB-8A41-2D2B899660CF} = {A5B8430F-B64C-4AE7-B315-72686C296100}
		{BFEF0FBE-A515-471D-AA94-E0CDF5809728} = {2020DE95-DD87-4F1F-8BBB-CCCCF6ABB095}
		{95F5CF63-3ECB-45DE-88E6-D74C1E4E19A0} = {A5B8430F-B64C-4AE7-B315-72686C296100}
		{D6BED816-A198-4768-9D9F-38A3AF9A783F} = {52B63410-2581-4146-9484-89D300FAE7B5}
		{94F89D50-8708-4209-9600-DB766CF8CC2A} = {52B63410-2581-4146-9484-89D300FAE7B5}
		{B3AA58CE-783A-4988-9579-21A464BCA6CF} = {A5B8430F-B64C-4AE7-B315-72686C296100}
		{DE596E3B-C512-4C68-A18F-1968EC893DF6} = {FC13E95F-6405-4DF0-B40C-4D4D077A59AE}
		{34840327-AFDC-4465-88BE-DE8BE254D4BF} = {DE596E3B-C512-4C68-A18F-1968EC893DF6}
		{D9246AE3-53C4-4F02-B24F-6E02B5557AA9} = {FC13E95F-6405-4DF0-B40C-4D4D077A59AE}
		{76A3DA76-F85F-425A-A170-4FEA139AB413} = {D9246AE3-53C4-4F02-B24F-6E02B5557AA9}
		{9A66E4DA-1F9E-48FB-96AB-54783FE0E9BA} = {FCA0DE8B-04E5-46F5-9549-654541BC02DC}
		{9AF90827-6F03-4206-B7EA-8B77C7983C41} = {52B63410-2581-4146-9484-89D300FAE7B5}
		{8D4A4408-5008-4901-AF1E-87AA5D3F67A2} = {FCA0DE8B-04E5-46F5-9549-654541BC02DC}
		{8E24E6AD-DF16-4176-B0DB-8A1EBE55AC9D} = {A5B8430F-B64C-4AE7-B315-72686C296100}
		{FE96FFE8-F379-4FE0-BF6C-BB040021E1AA} = {FCA0DE8B-04E5-46F5-9549-654541BC02DC}
		{62862ADE-ABAF-45C9-8BD6-5B8811C7F4C5} = {A5B8430F-B64C-4AE7-B315-72686C296100}
		{A133C317-4727-4D2A-A4E4-47FF7D745A8E} = {DE596E3B-C512-4C68-A18F-1968EC893DF6}
		{2EFB0435-0759-47BE-8BEE-4B1FE22661C1} = {DE596E3B-C512-4C68-A18F-1968EC893DF6}
		{B45B9B65-C1A0-442F-8F8B-03E54C32718D} = {DE596E3B-C512-4C68-A18F-1968EC893DF6}
		{B26EFF9E-031F-41C2-8183-FAF9975E05AA} = {52B63410-2581-4146-9484-89D300FAE7B5}
		{BF7B1891-E547-4943-9AD7-E6502E15ACA4} = {A5B8430F-B64C-4AE7-B315-72686C296100}
		{0C1E39CA-0DD7-4275-B038-92AE53485381} = {FC13E95F-6405-4DF0-B40C-4D4D077A59AE}
		{3E8DBC47-E585-46AA-8879-76B02D4180A2} = {0C1E39CA-0DD7-4275-B038-92AE53485381}
		{60D2D3FB-9BD3-4CD3-85FE-A030F92EF282} = {DE596E3B-C512-4C68-A18F-1968EC893DF6}
		{4E81A883-8F78-45E2-9DC8-D4F9968C831C} = {DE596E3B-C512-4C68-A18F-1968EC893DF6}
	EndGlobalSection
	GlobalSection(ExtensibilityGlobals) = postSolution
		SolutionGuid = {37A6EE9C-CD4F-42D7-ACF7-2E49D78C5CCD}
	EndGlobalSection
EndGlobal
