
Microsoft Visual Studio Solution File, Format Version 12.00
# Visual Studio Version 17
VisualStudioVersion = 17.2.32519.379
MinimumVisualStudioVersion = 10.0.40219.1
Project("{2150E333-8FDC-42A3-9474-1A3956D46DE8}") = "Core", "Core", "{DE7957C7-C42B-40BF-B03E-382EFAB67DFA}"
EndProject
Project("{9A19103F-16F7-4668-BE54-9A1E7A4F7556}") = "Turmerik.Core", "Turmerik.Core\Turmerik.Core.csproj", "{1A6B78DE-309B-4B96-BAA4-F9E4724BD3B4}"
EndProject
Project("{9A19103F-16F7-4668-BE54-9A1E7A4F7556}") = "Turmerik.Testing.Core", "Turmerik.Testing.Core\Turmerik.Testing.Core.csproj", "{266621A9-97B8-4B9D-B788-B6A603FF1F97}"
EndProject
Project("{2150E333-8FDC-42A3-9474-1A3956D46DE8}") = "UnitTests", "UnitTests", "{7095FF24-B8B6-4A41-B5D4-0F05F2538C85}"
EndProject
Project("{9A19103F-16F7-4668-BE54-9A1E7A4F7556}") = "Turmerik.UnitTests", "Turmerik.UnitTests\Turmerik.UnitTests.csproj", "{05D313F3-4492-45A8-A06B-545EEC2B424D}"
EndProject
Project("{2150E333-8FDC-42A3-9474-1A3956D46DE8}") = "OneDriveExplorer", "OneDriveExplorer", "{565D4698-C837-43B0-BCAC-FF51196A01CE}"
EndProject
Project("{2150E333-8FDC-42A3-9474-1A3956D46DE8}") = "FileSystemExplorer", "FileSystemExplorer", "{37A015E5-228F-4533-B944-A3281EE450CC}"
EndProject
Project("{2150E333-8FDC-42A3-9474-1A3956D46DE8}") = "FsUtils", "FsUtils", "{7B2404FD-13F3-4804-B786-0EF6DD28BBB6}"
EndProject
Project("{FAE04EC0-301F-11D3-BF4B-00C04F79EFBC}") = "Turmerik.FsUtils.WinForms.App", "Turmerik.FsUtils.WinForms.App\Turmerik.FsUtils.WinForms.App.csproj", "{750BDBC9-4D02-441C-8889-BFF49220E889}"
EndProject
Project("{9A19103F-16F7-4668-BE54-9A1E7A4F7556}") = "Turmerik.FsExplorer.Background.AspNetCore.App", "Turmerik.FsExplorer.Background.AspNetCore.App\Turmerik.FsExplorer.Background.AspNetCore.App.csproj", "{60D43312-4FFF-4CB9-8B9C-4548EFEA662F}"
EndProject
Project("{9A19103F-16F7-4668-BE54-9A1E7A4F7556}") = "Turmerik.FileExplorer.WinFormsCore.App", "Turmerik.FileExplorer.WinFormsCore.App\Turmerik.FileExplorer.WinFormsCore.App.csproj", "{3839FE03-556D-4ED5-8559-9E5C552B5AED}"
EndProject
Project("{9A19103F-16F7-4668-BE54-9A1E7A4F7556}") = "Turmerik.AspNetCore", "Turmerik.AspNetCore\Turmerik.AspNetCore.csproj", "{5CE26D2E-0402-4A9B-B712-0A62B4C149BF}"
EndProject
Project("{9A19103F-16F7-4668-BE54-9A1E7A4F7556}") = "Turmerik.AspNetCore.OpenId", "Turmerik.AspNetCore.OpenId\Turmerik.AspNetCore.OpenId.csproj", "{73205C7C-66CD-4AE0-BC06-713315A65A47}"
EndProject
Project("{9A19103F-16F7-4668-BE54-9A1E7A4F7556}") = "Turmerik.AspNetCore.MsIdentity", "Turmerik.AspNetCore.MsIdentity\Turmerik.AspNetCore.MsIdentity.csproj", "{583D30EE-7AED-4984-ADDB-0832EBAE6519}"
EndProject
Project("{9A19103F-16F7-4668-BE54-9A1E7A4F7556}") = "Turmerik.OneDriveExplorer.AspNetCore.WebApp", "Turmerik.OneDriveExplorer.AspNetCore.WebApp\Turmerik.OneDriveExplorer.AspNetCore.WebApp.csproj", "{92D8D6D4-34E0-4077-A607-63961880371C}"
EndProject
Project("{9A19103F-16F7-4668-BE54-9A1E7A4F7556}") = "Turmerik.JavascriptClassFileGenerator.ConsoleApp", "Turmerik.JavascriptClassFileGenerator.ConsoleApp\Turmerik.JavascriptClassFileGenerator.ConsoleApp.csproj", "{028308BA-BC88-4895-BE24-95449E7D1478}"
EndProject
Project("{9A19103F-16F7-4668-BE54-9A1E7A4F7556}") = "Turmerik.CsTypeToJson.WinFormsCore.App", "Turmerik.CsTypeToJson.WinFormsCore.App\Turmerik.CsTypeToJson.WinFormsCore.App.csproj", "{99AD378F-EC43-452C-AAD4-160C921F6930}"
EndProject
Project("{FAE04EC0-301F-11D3-BF4B-00C04F79EFBC}") = "Turmerik.CsTypeToJson.WinForms.App", "Turmerik.CsTypeToJson.WinForms.App\Turmerik.CsTypeToJson.WinForms.App.csproj", "{BF031F7D-6154-4F19-8276-E2F1D2E4D996}"
EndProject
Project("{FAE04EC0-301F-11D3-BF4B-00C04F79EFBC}") = "Turmerik.WinForms.Core", "Turmerik.WinForms.Core\Turmerik.WinForms.Core.csproj", "{059A7CBC-3344-4456-8203-27B243739AE2}"
EndProject
Global
	GlobalSection(SolutionConfigurationPlatforms) = preSolution
		Debug|Any CPU = Debug|Any CPU
		Release|Any CPU = Release|Any CPU
	EndGlobalSection
	GlobalSection(ProjectConfigurationPlatforms) = postSolution
		{1A6B78DE-309B-4B96-BAA4-F9E4724BD3B4}.Debug|Any CPU.ActiveCfg = Debug|Any CPU
		{1A6B78DE-309B-4B96-BAA4-F9E4724BD3B4}.Debug|Any CPU.Build.0 = Debug|Any CPU
		{1A6B78DE-309B-4B96-BAA4-F9E4724BD3B4}.Release|Any CPU.ActiveCfg = Release|Any CPU
		{1A6B78DE-309B-4B96-BAA4-F9E4724BD3B4}.Release|Any CPU.Build.0 = Release|Any CPU
		{266621A9-97B8-4B9D-B788-B6A603FF1F97}.Debug|Any CPU.ActiveCfg = Debug|Any CPU
		{266621A9-97B8-4B9D-B788-B6A603FF1F97}.Debug|Any CPU.Build.0 = Debug|Any CPU
		{266621A9-97B8-4B9D-B788-B6A603FF1F97}.Release|Any CPU.ActiveCfg = Release|Any CPU
		{266621A9-97B8-4B9D-B788-B6A603FF1F97}.Release|Any CPU.Build.0 = Release|Any CPU
		{05D313F3-4492-45A8-A06B-545EEC2B424D}.Debug|Any CPU.ActiveCfg = Debug|Any CPU
		{05D313F3-4492-45A8-A06B-545EEC2B424D}.Debug|Any CPU.Build.0 = Debug|Any CPU
		{05D313F3-4492-45A8-A06B-545EEC2B424D}.Release|Any CPU.ActiveCfg = Release|Any CPU
		{05D313F3-4492-45A8-A06B-545EEC2B424D}.Release|Any CPU.Build.0 = Release|Any CPU
		{750BDBC9-4D02-441C-8889-BFF49220E889}.Debug|Any CPU.ActiveCfg = Debug|Any CPU
		{750BDBC9-4D02-441C-8889-BFF49220E889}.Debug|Any CPU.Build.0 = Debug|Any CPU
		{750BDBC9-4D02-441C-8889-BFF49220E889}.Release|Any CPU.ActiveCfg = Release|Any CPU
		{750BDBC9-4D02-441C-8889-BFF49220E889}.Release|Any CPU.Build.0 = Release|Any CPU
		{60D43312-4FFF-4CB9-8B9C-4548EFEA662F}.Debug|Any CPU.ActiveCfg = Debug|Any CPU
		{60D43312-4FFF-4CB9-8B9C-4548EFEA662F}.Debug|Any CPU.Build.0 = Debug|Any CPU
		{60D43312-4FFF-4CB9-8B9C-4548EFEA662F}.Release|Any CPU.ActiveCfg = Release|Any CPU
		{60D43312-4FFF-4CB9-8B9C-4548EFEA662F}.Release|Any CPU.Build.0 = Release|Any CPU
		{3839FE03-556D-4ED5-8559-9E5C552B5AED}.Debug|Any CPU.ActiveCfg = Debug|Any CPU
		{3839FE03-556D-4ED5-8559-9E5C552B5AED}.Debug|Any CPU.Build.0 = Debug|Any CPU
		{3839FE03-556D-4ED5-8559-9E5C552B5AED}.Release|Any CPU.ActiveCfg = Release|Any CPU
		{3839FE03-556D-4ED5-8559-9E5C552B5AED}.Release|Any CPU.Build.0 = Release|Any CPU
		{5CE26D2E-0402-4A9B-B712-0A62B4C149BF}.Debug|Any CPU.ActiveCfg = Debug|Any CPU
		{5CE26D2E-0402-4A9B-B712-0A62B4C149BF}.Debug|Any CPU.Build.0 = Debug|Any CPU
		{5CE26D2E-0402-4A9B-B712-0A62B4C149BF}.Release|Any CPU.ActiveCfg = Release|Any CPU
		{5CE26D2E-0402-4A9B-B712-0A62B4C149BF}.Release|Any CPU.Build.0 = Release|Any CPU
		{73205C7C-66CD-4AE0-BC06-713315A65A47}.Debug|Any CPU.ActiveCfg = Debug|Any CPU
		{73205C7C-66CD-4AE0-BC06-713315A65A47}.Debug|Any CPU.Build.0 = Debug|Any CPU
		{73205C7C-66CD-4AE0-BC06-713315A65A47}.Release|Any CPU.ActiveCfg = Release|Any CPU
		{73205C7C-66CD-4AE0-BC06-713315A65A47}.Release|Any CPU.Build.0 = Release|Any CPU
		{583D30EE-7AED-4984-ADDB-0832EBAE6519}.Debug|Any CPU.ActiveCfg = Debug|Any CPU
		{583D30EE-7AED-4984-ADDB-0832EBAE6519}.Debug|Any CPU.Build.0 = Debug|Any CPU
		{583D30EE-7AED-4984-ADDB-0832EBAE6519}.Release|Any CPU.ActiveCfg = Release|Any CPU
		{583D30EE-7AED-4984-ADDB-0832EBAE6519}.Release|Any CPU.Build.0 = Release|Any CPU
		{92D8D6D4-34E0-4077-A607-63961880371C}.Debug|Any CPU.ActiveCfg = Debug|Any CPU
		{92D8D6D4-34E0-4077-A607-63961880371C}.Debug|Any CPU.Build.0 = Debug|Any CPU
		{92D8D6D4-34E0-4077-A607-63961880371C}.Release|Any CPU.ActiveCfg = Release|Any CPU
		{92D8D6D4-34E0-4077-A607-63961880371C}.Release|Any CPU.Build.0 = Release|Any CPU
		{028308BA-BC88-4895-BE24-95449E7D1478}.Debug|Any CPU.ActiveCfg = Debug|Any CPU
		{028308BA-BC88-4895-BE24-95449E7D1478}.Debug|Any CPU.Build.0 = Debug|Any CPU
		{028308BA-BC88-4895-BE24-95449E7D1478}.Release|Any CPU.ActiveCfg = Release|Any CPU
		{028308BA-BC88-4895-BE24-95449E7D1478}.Release|Any CPU.Build.0 = Release|Any CPU
		{99AD378F-EC43-452C-AAD4-160C921F6930}.Debug|Any CPU.ActiveCfg = Debug|Any CPU
		{99AD378F-EC43-452C-AAD4-160C921F6930}.Debug|Any CPU.Build.0 = Debug|Any CPU
		{99AD378F-EC43-452C-AAD4-160C921F6930}.Release|Any CPU.ActiveCfg = Release|Any CPU
		{99AD378F-EC43-452C-AAD4-160C921F6930}.Release|Any CPU.Build.0 = Release|Any CPU
		{BF031F7D-6154-4F19-8276-E2F1D2E4D996}.Debug|Any CPU.ActiveCfg = Debug|Any CPU
		{BF031F7D-6154-4F19-8276-E2F1D2E4D996}.Debug|Any CPU.Build.0 = Debug|Any CPU
		{BF031F7D-6154-4F19-8276-E2F1D2E4D996}.Release|Any CPU.ActiveCfg = Release|Any CPU
		{BF031F7D-6154-4F19-8276-E2F1D2E4D996}.Release|Any CPU.Build.0 = Release|Any CPU
		{059A7CBC-3344-4456-8203-27B243739AE2}.Debug|Any CPU.ActiveCfg = Debug|Any CPU
		{059A7CBC-3344-4456-8203-27B243739AE2}.Debug|Any CPU.Build.0 = Debug|Any CPU
		{059A7CBC-3344-4456-8203-27B243739AE2}.Release|Any CPU.ActiveCfg = Release|Any CPU
		{059A7CBC-3344-4456-8203-27B243739AE2}.Release|Any CPU.Build.0 = Release|Any CPU
	EndGlobalSection
	GlobalSection(SolutionProperties) = preSolution
		HideSolutionNode = FALSE
	EndGlobalSection
	GlobalSection(NestedProjects) = preSolution
		{1A6B78DE-309B-4B96-BAA4-F9E4724BD3B4} = {DE7957C7-C42B-40BF-B03E-382EFAB67DFA}
		{266621A9-97B8-4B9D-B788-B6A603FF1F97} = {DE7957C7-C42B-40BF-B03E-382EFAB67DFA}
		{05D313F3-4492-45A8-A06B-545EEC2B424D} = {7095FF24-B8B6-4A41-B5D4-0F05F2538C85}
		{750BDBC9-4D02-441C-8889-BFF49220E889} = {7B2404FD-13F3-4804-B786-0EF6DD28BBB6}
		{60D43312-4FFF-4CB9-8B9C-4548EFEA662F} = {37A015E5-228F-4533-B944-A3281EE450CC}
		{3839FE03-556D-4ED5-8559-9E5C552B5AED} = {37A015E5-228F-4533-B944-A3281EE450CC}
		{5CE26D2E-0402-4A9B-B712-0A62B4C149BF} = {DE7957C7-C42B-40BF-B03E-382EFAB67DFA}
		{73205C7C-66CD-4AE0-BC06-713315A65A47} = {DE7957C7-C42B-40BF-B03E-382EFAB67DFA}
		{583D30EE-7AED-4984-ADDB-0832EBAE6519} = {DE7957C7-C42B-40BF-B03E-382EFAB67DFA}
		{92D8D6D4-34E0-4077-A607-63961880371C} = {565D4698-C837-43B0-BCAC-FF51196A01CE}
		{028308BA-BC88-4895-BE24-95449E7D1478} = {DE7957C7-C42B-40BF-B03E-382EFAB67DFA}
		{99AD378F-EC43-452C-AAD4-160C921F6930} = {DE7957C7-C42B-40BF-B03E-382EFAB67DFA}
		{BF031F7D-6154-4F19-8276-E2F1D2E4D996} = {DE7957C7-C42B-40BF-B03E-382EFAB67DFA}
		{059A7CBC-3344-4456-8203-27B243739AE2} = {DE7957C7-C42B-40BF-B03E-382EFAB67DFA}
	EndGlobalSection
	GlobalSection(ExtensibilityGlobals) = postSolution
		SolutionGuid = {9C6094B8-95CB-4666-8422-1C5DB55894FE}
	EndGlobalSection
EndGlobal
